
Microsoft Visual Studio Solution File, Format Version 12.00
# Visual Studio Version 16
VisualStudioVersion = 16.0.31112.23
MinimumVisualStudioVersion = 10.0.40219.1
Project("{FAE04EC0-301F-11D3-BF4B-00C04F79EFBC}") = "HomeTask_2 (№3)", "HomeTask_2 (№3).csproj", "{C1ADCB21-39AF-4B3D-ADBD-F95335824BF4}"
EndProject
Global
	GlobalSection(SolutionConfigurationPlatforms) = preSolution
		Debug|Any CPU = Debug|Any CPU
		Release|Any CPU = Release|Any CPU
	EndGlobalSection
	GlobalSection(ProjectConfigurationPlatforms) = postSolution
		{C1ADCB21-39AF-4B3D-ADBD-F95335824BF4}.Debug|Any CPU.ActiveCfg = Debug|Any CPU
		{C1ADCB21-39AF-4B3D-ADBD-F95335824BF4}.Debug|Any CPU.Build.0 = Debug|Any CPU
		{C1ADCB21-39AF-4B3D-ADBD-F95335824BF4}.Release|Any CPU.ActiveCfg = Release|Any CPU
		{C1ADCB21-39AF-4B3D-ADBD-F95335824BF4}.Release|Any CPU.Build.0 = Release|Any CPU
	EndGlobalSection
	GlobalSection(SolutionProperties) = preSolution
		HideSolutionNode = FALSE
	EndGlobalSection
	GlobalSection(ExtensibilityGlobals) = postSolution
		SolutionGuid = {1B3FD2AB-E3F1-4128-89A4-CBF8660DD0D8}
	EndGlobalSection
EndGlobal
