
Microsoft Visual Studio Solution File, Format Version 11.00
# Visual Studio 2010
Project("{FAE04EC0-301F-11D3-BF4B-00C04F79EFBC}") = "HomeTask_7", "Exported.csproj", "{F9A50DCF-18F9-4DB1-95A8-107A3ECAFBCC}"
EndProject
Global
	GlobalSection(SolutionConfigurationPlatforms) = preSolution
		Debug|Any CPU = Debug|Any CPU
		Release|Any CPU = Release|Any CPU
	EndGlobalSection
	GlobalSection(ProjectConfigurationPlatforms) = postSolution
		{F9A50DCF-18F9-4DB1-95A8-107A3ECAFBCC}.Debug|Any CPU.ActiveCfg = Debug|Any CPU
		{F9A50DCF-18F9-4DB1-95A8-107A3ECAFBCC}.Debug|Any CPU.Build.0 = Debug|Any CPU
		{F9A50DCF-18F9-4DB1-95A8-107A3ECAFBCC}.Release|Any CPU.ActiveCfg = Release|Any CPU
		{F9A50DCF-18F9-4DB1-95A8-107A3ECAFBCC}.Release|Any CPU.Build.0 = Release|Any CPU
	EndGlobalSection
	GlobalSection(SolutionProperties) = preSolution
		HideSolutionNode = FALSE
	EndGlobalSection
EndGlobal
