
Microsoft Visual Studio Solution File, Format Version 12.00
# Visual Studio Version 16
VisualStudioVersion = 16.0.31112.23
MinimumVisualStudioVersion = 10.0.40219.1
Project("{FAE04EC0-301F-11D3-BF4B-00C04F79EFBC}") = "HomeTask_6", "HomeTask_6.csproj", "{B82E7ECE-0E5D-4EB0-B2D7-30B4D1CDE95B}"
EndProject
Global
	GlobalSection(SolutionConfigurationPlatforms) = preSolution
		Debug|Any CPU = Debug|Any CPU
		Release|Any CPU = Release|Any CPU
	EndGlobalSection
	GlobalSection(ProjectConfigurationPlatforms) = postSolution
		{B82E7ECE-0E5D-4EB0-B2D7-30B4D1CDE95B}.Debug|Any CPU.ActiveCfg = Debug|Any CPU
		{B82E7ECE-0E5D-4EB0-B2D7-30B4D1CDE95B}.Debug|Any CPU.Build.0 = Debug|Any CPU
		{B82E7ECE-0E5D-4EB0-B2D7-30B4D1CDE95B}.Release|Any CPU.ActiveCfg = Release|Any CPU
		{B82E7ECE-0E5D-4EB0-B2D7-30B4D1CDE95B}.Release|Any CPU.Build.0 = Release|Any CPU
	EndGlobalSection
	GlobalSection(SolutionProperties) = preSolution
		HideSolutionNode = FALSE
	EndGlobalSection
	GlobalSection(ExtensibilityGlobals) = postSolution
		SolutionGuid = {7679119C-D174-44E6-B91A-4BA68DA49D26}
	EndGlobalSection
EndGlobal
