
Microsoft Visual Studio Solution File, Format Version 12.00
# Visual Studio Version 16
VisualStudioVersion = 16.0.31112.23
MinimumVisualStudioVersion = 10.0.40219.1
Project("{FAE04EC0-301F-11D3-BF4B-00C04F79EFBC}") = "HomeTask_4 (№4)", "HomeTask_4 (№4).csproj", "{D0D9D512-C22A-4F9E-BD7D-28BE17100472}"
EndProject
Global
	GlobalSection(SolutionConfigurationPlatforms) = preSolution
		Debug|Any CPU = Debug|Any CPU
		Release|Any CPU = Release|Any CPU
	EndGlobalSection
	GlobalSection(ProjectConfigurationPlatforms) = postSolution
		{D0D9D512-C22A-4F9E-BD7D-28BE17100472}.Debug|Any CPU.ActiveCfg = Debug|Any CPU
		{D0D9D512-C22A-4F9E-BD7D-28BE17100472}.Debug|Any CPU.Build.0 = Debug|Any CPU
		{D0D9D512-C22A-4F9E-BD7D-28BE17100472}.Release|Any CPU.ActiveCfg = Release|Any CPU
		{D0D9D512-C22A-4F9E-BD7D-28BE17100472}.Release|Any CPU.Build.0 = Release|Any CPU
	EndGlobalSection
	GlobalSection(SolutionProperties) = preSolution
		HideSolutionNode = FALSE
	EndGlobalSection
	GlobalSection(ExtensibilityGlobals) = postSolution
		SolutionGuid = {238CC102-B7A9-4669-9326-4B5BFD42475E}
	EndGlobalSection
EndGlobal
