
Microsoft Visual Studio Solution File, Format Version 12.00
# Visual Studio Version 16
VisualStudioVersion = 16.0.31112.23
MinimumVisualStudioVersion = 10.0.40219.1
Project("{FAE04EC0-301F-11D3-BF4B-00C04F79EFBC}") = "HomeTask_8", "HomeTask_8.csproj", "{699C3792-DB70-498E-8FF9-090A4A337F47}"
EndProject
Global
	GlobalSection(SolutionConfigurationPlatforms) = preSolution
		Debug|Any CPU = Debug|Any CPU
		Debug|x64 = Debug|x64
		Release|Any CPU = Release|Any CPU
		Release|x64 = Release|x64
	EndGlobalSection
	GlobalSection(ProjectConfigurationPlatforms) = postSolution
		{699C3792-DB70-498E-8FF9-090A4A337F47}.Debug|Any CPU.ActiveCfg = Debug|Any CPU
		{699C3792-DB70-498E-8FF9-090A4A337F47}.Debug|Any CPU.Build.0 = Debug|Any CPU
		{699C3792-DB70-498E-8FF9-090A4A337F47}.Debug|x64.ActiveCfg = Release|x64
		{699C3792-DB70-498E-8FF9-090A4A337F47}.Debug|x64.Build.0 = Release|x64
		{699C3792-DB70-498E-8FF9-090A4A337F47}.Release|Any CPU.ActiveCfg = Release|Any CPU
		{699C3792-DB70-498E-8FF9-090A4A337F47}.Release|Any CPU.Build.0 = Release|Any CPU
		{699C3792-DB70-498E-8FF9-090A4A337F47}.Release|x64.ActiveCfg = Release|x64
		{699C3792-DB70-498E-8FF9-090A4A337F47}.Release|x64.Build.0 = Release|x64
	EndGlobalSection
	GlobalSection(SolutionProperties) = preSolution
		HideSolutionNode = FALSE
	EndGlobalSection
	GlobalSection(ExtensibilityGlobals) = postSolution
		SolutionGuid = {5762F85E-332E-473B-AF04-DE4F637ED06A}
	EndGlobalSection
EndGlobal
